
Microsoft Visual Studio Solution File, Format Version 12.00
# Visual Studio 15
VisualStudioVersion = 15.0.28307.902
MinimumVisualStudioVersion = 10.0.40219.1
Project("{FAE04EC0-301F-11D3-BF4B-00C04F79EFBC}") = "TicketingSystem", "TicketingSystem\TicketingSystem.csproj", "{924F71EB-2E16-446E-B557-63124647E811}"
EndProject
Project("{FAE04EC0-301F-11D3-BF4B-00C04F79EFBC}") = "ServiceBusMessaging", "ServiceBusMessaging\ServiceBusMessaging.csproj", "{15487088-89F5-463D-9535-16DE7A131E93}"
EndProject
Global
	GlobalSection(SolutionConfigurationPlatforms) = preSolution
		Debug|Any CPU = Debug|Any CPU
		Release|Any CPU = Release|Any CPU
	EndGlobalSection
	GlobalSection(ProjectConfigurationPlatforms) = postSolution
		{924F71EB-2E16-446E-B557-63124647E811}.Debug|Any CPU.ActiveCfg = Debug|Any CPU
		{924F71EB-2E16-446E-B557-63124647E811}.Debug|Any CPU.Build.0 = Debug|Any CPU
		{924F71EB-2E16-446E-B557-63124647E811}.Release|Any CPU.ActiveCfg = Release|Any CPU
		{924F71EB-2E16-446E-B557-63124647E811}.Release|Any CPU.Build.0 = Release|Any CPU
		{15487088-89F5-463D-9535-16DE7A131E93}.Debug|Any CPU.ActiveCfg = Debug|Any CPU
		{15487088-89F5-463D-9535-16DE7A131E93}.Debug|Any CPU.Build.0 = Debug|Any CPU
		{15487088-89F5-463D-9535-16DE7A131E93}.Release|Any CPU.ActiveCfg = Release|Any CPU
		{15487088-89F5-463D-9535-16DE7A131E93}.Release|Any CPU.Build.0 = Release|Any CPU
	EndGlobalSection
	GlobalSection(SolutionProperties) = preSolution
		HideSolutionNode = FALSE
	EndGlobalSection
	GlobalSection(ExtensibilityGlobals) = postSolution
		SolutionGuid = {DF5162CC-883B-49AF-8C4F-176D43A7AEDE}
	EndGlobalSection
EndGlobal
